
Microsoft Visual Studio Solution File, Format Version 12.00
# Visual Studio Version 17
VisualStudioVersion = 17.0.32014.148
MinimumVisualStudioVersion = 10.0.40219.1
Project("{FAE04EC0-301F-11D3-BF4B-00C04F79EFBC}") = "Function Plotter", "Function Plotter\Function Plotter.csproj", "{938317C0-FFA8-48A6-8ADF-3E66A5CE1F33}"
EndProject
Global
	GlobalSection(SolutionConfigurationPlatforms) = preSolution
		Debug|Any CPU = Debug|Any CPU
		Release|Any CPU = Release|Any CPU
	EndGlobalSection
	GlobalSection(ProjectConfigurationPlatforms) = postSolution
		{938317C0-FFA8-48A6-8ADF-3E66A5CE1F33}.Debug|Any CPU.ActiveCfg = Debug|Any CPU
		{938317C0-FFA8-48A6-8ADF-3E66A5CE1F33}.Debug|Any CPU.Build.0 = Debug|Any CPU
		{938317C0-FFA8-48A6-8ADF-3E66A5CE1F33}.Release|Any CPU.ActiveCfg = Release|Any CPU
		{938317C0-FFA8-48A6-8ADF-3E66A5CE1F33}.Release|Any CPU.Build.0 = Release|Any CPU
	EndGlobalSection
	GlobalSection(SolutionProperties) = preSolution
		HideSolutionNode = FALSE
	EndGlobalSection
	GlobalSection(ExtensibilityGlobals) = postSolution
		SolutionGuid = {0E6B3527-8948-4459-BD2D-931B16D1223C}
	EndGlobalSection
EndGlobal
